Microsoft Visual Studio Solution File, Format Version 12.00
# Visual Studio Version 17
VisualStudioVersion = 17.5.2.0
MinimumVisualStudioVersion = 10.0.40219.1
Project("{FAE04EC0-301F-11D3-BF4B-00C04F79EFBC}") = "clothes_app", "clothes_app.csproj", "{A6C9BB2F-A146-A06D-B668-952FAE4ABF7E}"
EndProject
Global
	GlobalSection(SolutionConfigurationPlatforms) = preSolution
		Debug|Any CPU = Debug|Any CPU
		Release|Any CPU = Release|Any CPU
	EndGlobalSection
	GlobalSection(ProjectConfigurationPlatforms) = postSolution
		{A6C9BB2F-A146-A06D-B668-952FAE4ABF7E}.Debug|Any CPU.ActiveCfg = Debug|Any CPU
		{A6C9BB2F-A146-A06D-B668-952FAE4ABF7E}.Debug|Any CPU.Build.0 = Debug|Any CPU
		{A6C9BB2F-A146-A06D-B668-952FAE4ABF7E}.Release|Any CPU.ActiveCfg = Release|Any CPU
		{A6C9BB2F-A146-A06D-B668-952FAE4ABF7E}.Release|Any CPU.Build.0 = Release|Any CPU
	EndGlobalSection
	GlobalSection(SolutionProperties) = preSolution
		HideSolutionNode = FALSE
	EndGlobalSection
	GlobalSection(ExtensibilityGlobals) = postSolution
		SolutionGuid = {7D8C8529-40AC-4E88-8D30-64063EA12AA5}
	EndGlobalSection
EndGlobal
